
Microsoft Visual Studio Solution File, Format Version 12.00
# Visual Studio Version 17
VisualStudioVersion = 17.0.31903.59
MinimumVisualStudioVersion = 10.0.40219.1
Project("{2150E333-8FDC-42A3-9474-1A3956D46DE8}") = "src", "src", "{8543F553-8785-404B-A6D0-C5724C701865}"
EndProject
Project("{2150E333-8FDC-42A3-9474-1A3956D46DE8}") = "Core", "Core", "{6DC916D0-41F3-4DE7-88B6-767629CEF0EE}"
EndProject
Project("{9A19103F-16F7-4668-BE54-9A1E7A4F7556}") = "Ecommerce.Domain", "src\Core\Ecommerce.Domain\Ecommerce.Domain.csproj", "{0D01E777-90C4-4C03-BDBF-040BAFE185F6}"
EndProject
Project("{9A19103F-16F7-4668-BE54-9A1E7A4F7556}") = "Ecommerce.Application", "src\Core\Ecommerce.Application\Ecommerce.Application.csproj", "{A4763657-006F-4402-87E5-CCBA66CFFE2F}"
EndProject
Project("{9A19103F-16F7-4668-BE54-9A1E7A4F7556}") = "Ecommerce.Api", "src\api\Ecommerce.Api.csproj", "{F2133CF8-F769-4639-B4A0-479870D261E2}"
EndProject
Project("{2150E333-8FDC-42A3-9474-1A3956D46DE8}") = "Infrastructure", "Infrastructure", "{DAD824F7-88BD-40D4-BA0F-0C40661922C6}"
EndProject
Project("{9A19103F-16F7-4668-BE54-9A1E7A4F7556}") = "Ecommerce.Infrastructure", "src\Infrastructure\Ecommerce.Infrastructure.csproj", "{87286104-CC2A-4F5C-BADD-BB7D28E72215}"
EndProject
Global
	GlobalSection(SolutionConfigurationPlatforms) = preSolution
		Debug|Any CPU = Debug|Any CPU
		Release|Any CPU = Release|Any CPU
	EndGlobalSection
	GlobalSection(ProjectConfigurationPlatforms) = postSolution
		{0D01E777-90C4-4C03-BDBF-040BAFE185F6}.Debug|Any CPU.ActiveCfg = Debug|Any CPU
		{0D01E777-90C4-4C03-BDBF-040BAFE185F6}.Debug|Any CPU.Build.0 = Debug|Any CPU
		{0D01E777-90C4-4C03-BDBF-040BAFE185F6}.Release|Any CPU.ActiveCfg = Release|Any CPU
		{0D01E777-90C4-4C03-BDBF-040BAFE185F6}.Release|Any CPU.Build.0 = Release|Any CPU
		{A4763657-006F-4402-87E5-CCBA66CFFE2F}.Debug|Any CPU.ActiveCfg = Debug|Any CPU
		{A4763657-006F-4402-87E5-CCBA66CFFE2F}.Debug|Any CPU.Build.0 = Debug|Any CPU
		{A4763657-006F-4402-87E5-CCBA66CFFE2F}.Release|Any CPU.ActiveCfg = Release|Any CPU
		{A4763657-006F-4402-87E5-CCBA66CFFE2F}.Release|Any CPU.Build.0 = Release|Any CPU
		{F2133CF8-F769-4639-B4A0-479870D261E2}.Debug|Any CPU.ActiveCfg = Debug|Any CPU
		{F2133CF8-F769-4639-B4A0-479870D261E2}.Debug|Any CPU.Build.0 = Debug|Any CPU
		{F2133CF8-F769-4639-B4A0-479870D261E2}.Release|Any CPU.ActiveCfg = Release|Any CPU
		{F2133CF8-F769-4639-B4A0-479870D261E2}.Release|Any CPU.Build.0 = Release|Any CPU
		{87286104-CC2A-4F5C-BADD-BB7D28E72215}.Debug|Any CPU.ActiveCfg = Debug|Any CPU
		{87286104-CC2A-4F5C-BADD-BB7D28E72215}.Debug|Any CPU.Build.0 = Debug|Any CPU
		{87286104-CC2A-4F5C-BADD-BB7D28E72215}.Release|Any CPU.ActiveCfg = Release|Any CPU
		{87286104-CC2A-4F5C-BADD-BB7D28E72215}.Release|Any CPU.Build.0 = Release|Any CPU
	EndGlobalSection
	GlobalSection(SolutionProperties) = preSolution
		HideSolutionNode = FALSE
	EndGlobalSection
	GlobalSection(NestedProjects) = preSolution
		{6DC916D0-41F3-4DE7-88B6-767629CEF0EE} = {8543F553-8785-404B-A6D0-C5724C701865}
		{0D01E777-90C4-4C03-BDBF-040BAFE185F6} = {6DC916D0-41F3-4DE7-88B6-767629CEF0EE}
		{A4763657-006F-4402-87E5-CCBA66CFFE2F} = {6DC916D0-41F3-4DE7-88B6-767629CEF0EE}
		{F2133CF8-F769-4639-B4A0-479870D261E2} = {8543F553-8785-404B-A6D0-C5724C701865}
		{DAD824F7-88BD-40D4-BA0F-0C40661922C6} = {8543F553-8785-404B-A6D0-C5724C701865}
		{87286104-CC2A-4F5C-BADD-BB7D28E72215} = {DAD824F7-88BD-40D4-BA0F-0C40661922C6}
	EndGlobalSection
	GlobalSection(ExtensibilityGlobals) = postSolution
		SolutionGuid = {47F3FB69-ADC3-46AF-9E4F-0008C64F62AC}
	EndGlobalSection
EndGlobal
